PODS:
  - Cache (4.2.0)

DEPENDENCIES:
  - Cache (from `https://github.com/hyperoslo/Cache.git`)

EXTERNAL SOURCES:
  Cache:
    :git: https://github.com/hyperoslo/Cache.git

CHECKOUT OPTIONS:
  Cache:
    :commit: c7fc68a2af78b067f9d979cbaae6e8c1bcea36fd
    :git: https://github.com/hyperoslo/Cache.git

SPEC CHECKSUMS:
  Cache: f28f8dd64b632155aabf9b3906b036a659048251

PODFILE CHECKSUM: 65e5a1ea046adcb34d7130cf4f52213b0ef1f7b3

COCOAPODS: 1.5.3
