PODS:
  - Cache (2.2.2):
    - CryptoSwift
  - CryptoSwift (0.6.9)

DEPENDENCIES:
  - Cache (~> 2.2)

SPEC CHECKSUMS:
  Cache: b00196618af3facf17986fadda228cc77b5a5a10
  CryptoSwift: a22f6ba238e9ce4d26ee7bf45b9ed82e7122d4a0

PODFILE CHECKSUM: c97fedfcea30411db18933dafbbad6456ad70c06

COCOAPODS: 1.2.1.beta.1
