PODS:
  - Cache (4.1.2)

DEPENDENCIES:
  - Cache (from `https://github.com/hyperoslo/Cache.git`)

EXTERNAL SOURCES:
  Cache:
    :git: https://github.com/hyperoslo/Cache.git

CHECKOUT OPTIONS:
  Cache:
    :commit: 3b53dfebfc85d3a8a95f0ed11d2fe31def127496
    :git: https://github.com/hyperoslo/Cache.git

SPEC CHECKSUMS:
  Cache: 95f9ce80bb63e8429567169e445defecd2e3d055

PODFILE CHECKSUM: 65e5a1ea046adcb34d7130cf4f52213b0ef1f7b3

COCOAPODS: 1.4.0
