// !$*UTF8*$!
{
	archiveVersion = 1;
	classes = {
	};
	objectVersion = 48;
	objects = {

/* Begin PBXBuildFile section */
		DA0065F81E6C8D9200A54495 /* GPX.swift in Sources */ = {isa = PBXBuildFile; fileRef = DA0065F71E6C8D9200A54495 /* GPX.swift */; };
		DA38D8061E6F5B06007817F2 /* FilesViewController.swift in Sources */ = {isa = PBXBuildFile; fileRef = DA38D8051E6F5B06007817F2 /* FilesViewController.swift */; };
		DA38D8081E6F5D8A007817F2 /* FileStore.swift in Sources */ = {isa = PBXBuildFile; fileRef = DA38D8071E6F5D8A007817F2 /* FileStore.swift */; };
		DA394DCC1E5CB1BF0058AE09 /* LocationSearchTable.swift in Sources */ = {isa = PBXBuildFile; fileRef = DA394DCB1E5CB1BF0058AE09 /* LocationSearchTable.swift */; };
		DA3FC9831E59D905005C08C7 /* MapKit.framework in Frameworks */ = {isa = PBXBuildFile; fileRef = DA3FC9821E59D905005C08C7 /* MapKit.framework */; };
		DA3FC9851E59FECD005C08C7 /* OverlayTile.swift in Sources */ = {isa = PBXBuildFile; fileRef = DA3FC9841E59FECD005C08C7 /* OverlayTile.swift */; };
		DA5B656C1E85D13A00FACE96 /* AboutViewController.swift in Sources */ = {isa = PBXBuildFile; fileRef = DA5B656B1E85D13A00FACE96 /* AboutViewController.swift */; };
		DA5B656E1E85D31800FACE96 /* about.html in Resources */ = {isa = PBXBuildFile; fileRef = DA5B656D1E85D31800FACE96 /* about.html */; };
		DA6FE4871EB7DA2B005B7F97 /* Localizable.strings in Resources */ = {isa = PBXBuildFile; fileRef = DA6FE4891EB7DA2B005B7F97 /* Localizable.strings */; };
		DA7DBEF11E7B26C600720B5E /* Constants.swift in Sources */ = {isa = PBXBuildFile; fileRef = DA7DBEF01E7B26C600720B5E /* Constants.swift */; };
		DA8B9CB81F53472E0040A2A7 /* FileDetailViewController.swift in Sources */ = {isa = PBXBuildFile; fileRef = DA8B9CB71F53472E0040A2A7 /* FileDetailViewController.swift */; };
		DA96311B1E7B2DB30084A16A /* CloudKit.framework in Frameworks */ = {isa = PBXBuildFile; fileRef = DA96311A1E7B2DB30084A16A /* CloudKit.framework */; };
		DAAED6181EF6E1680035537F /* MapView.swift in Sources */ = {isa = PBXBuildFile; fileRef = DAAED6171EF6E1680035537F /* MapView.swift */; };
		DAB068121E47B0C500EFDD3E /* AppDelegate.swift in Sources */ = {isa = PBXBuildFile; fileRef = DAB068111E47B0C500EFDD3E /* AppDelegate.swift */; };
		DAB068141E47B0C500EFDD3E /* MapViewController.swift in Sources */ = {isa = PBXBuildFile; fileRef = DAB068131E47B0C500EFDD3E /* MapViewController.swift */; };
		DAB068171E47B0C500EFDD3E /* Main.storyboard in Resources */ = {isa = PBXBuildFile; fileRef = DAB068151E47B0C500EFDD3E /* Main.storyboard */; };
		DAB0681C1E47B0C500EFDD3E /* LaunchScreen.storyboard in Resources */ = {isa = PBXBuildFile; fileRef = DAB0681A1E47B0C500EFDD3E /* LaunchScreen.storyboard */; };
		DABD4C2F1EB7615F0060AD14 /* keys.plist in Resources */ = {isa = PBXBuildFile; fileRef = DABD4C2E1EB7615F0060AD14 /* keys.plist */; };
		DAEA8BC91E5E3D34009CC260 /* SettingsViewController.swift in Sources */ = {isa = PBXBuildFile; fileRef = DAEA8BC81E5E3D34009CC260 /* SettingsViewController.swift */; };
		DAEB86681E794CF0009D8059 /* Assets.xcassets in Resources */ = {isa = PBXBuildFile; fileRef = DAEB86671E794CF0009D8059 /* Assets.xcassets */; };
		DAEDED661E77F9C500FCE1A4 /* TileSource.swift in Sources */ = {isa = PBXBuildFile; fileRef = DAEDED651E77F9C500FCE1A4 /* TileSource.swift */; };
		DAEDED681E782EF100FCE1A4 /* SettingDetailViewController.swift in Sources */ = {isa = PBXBuildFile; fileRef = DAEDED671E782EF000FCE1A4 /* SettingDetailViewController.swift */; };
		DE6453F1157F5421DF19D259 /* Pods_CycleMaps.framework in Frameworks */ = {isa = PBXBuildFile; fileRef = 8892C739965E20D353E5C3B5 /* Pods_CycleMaps.framework */; };
/* End PBXBuildFile section */

/* Begin PBXFileReference section */
		330DD7F36E98F97920C2F9DE /* Pods-CycleMaps.debug.xcconfig */ = {isa = PBXFileReference; includeInIndex = 1; lastKnownFileType = text.xcconfig; name = "Pods-CycleMaps.debug.xcconfig"; path = "Pods/Target Support Files/Pods-CycleMaps/Pods-CycleMaps.debug.xcconfig"; sourceTree = "<group>"; };
		8892C739965E20D353E5C3B5 /* Pods_CycleMaps.framework */ = {isa = PBXFileReference; explicitFileType = wrapper.framework; includeInIndex = 0; path = Pods_CycleMaps.framework; sourceTree = BUILT_PRODUCTS_DIR; };
		DA0065F71E6C8D9200A54495 /* GPX.swift */ = {isa = PBXFileReference; fileEncoding = 4; lastKnownFileType = sourcecode.swift; path = GPX.swift; sourceTree = "<group>"; };
		DA38D8051E6F5B06007817F2 /* FilesViewController.swift */ = {isa = PBXFileReference; fileEncoding = 4; lastKnownFileType = sourcecode.swift; path = FilesViewController.swift; sourceTree = "<group>"; };
		DA38D8071E6F5D8A007817F2 /* FileStore.swift */ = {isa = PBXFileReference; fileEncoding = 4; lastKnownFileType = sourcecode.swift; path = FileStore.swift; sourceTree = "<group>"; };
		DA394DCB1E5CB1BF0058AE09 /* LocationSearchTable.swift */ = {isa = PBXFileReference; fileEncoding = 4; lastKnownFileType = sourcecode.swift; path = LocationSearchTable.swift; sourceTree = "<group>"; };
		DA3FC9821E59D905005C08C7 /* MapKit.framework */ = {isa = PBXFileReference; lastKnownFileType = wrapper.framework; name = MapKit.framework; path = System/Library/Frameworks/MapKit.framework; sourceTree = SDKROOT; };
		DA3FC9841E59FECD005C08C7 /* OverlayTile.swift */ = {isa = PBXFileReference; fileEncoding = 4; lastKnownFileType = sourcecode.swift; path = OverlayTile.swift; sourceTree = "<group>"; };
		DA5B656B1E85D13A00FACE96 /* AboutViewController.swift */ = {isa = PBXFileReference; fileEncoding = 4; lastKnownFileType = sourcecode.swift; path = AboutViewController.swift; sourceTree = "<group>"; };
		DA5B656D1E85D31800FACE96 /* about.html */ = {isa = PBXFileReference; fileEncoding = 4; lastKnownFileType = text.html; path = about.html; sourceTree = "<group>"; };
		DA6FE4881EB7DA2B005B7F97 /* en */ = {isa = PBXFileReference; lastKnownFileType = text.plist.strings; name = en; path = en.lproj/Localizable.strings; sourceTree = "<group>"; };
		DA6FE48A1EB7DA31005B7F97 /* de */ = {isa = PBXFileReference; lastKnownFileType = text.plist.strings; name = de; path = de.lproj/Localizable.strings; sourceTree = "<group>"; };
		DA6FE48B1EB7DA76005B7F97 /* Info.plist */ = {isa = PBXFileReference; fileEncoding = 4; lastKnownFileType = text.plist.xml; path = Info.plist; sourceTree = "<group>"; };
		DA7DBEF01E7B26C600720B5E /* Constants.swift */ = {isa = PBXFileReference; fileEncoding = 4; lastKnownFileType = sourcecode.swift; path = Constants.swift; sourceTree = "<group>"; };
		DA8B9CB71F53472E0040A2A7 /* FileDetailViewController.swift */ = {isa = PBXFileReference; fileEncoding = 4; lastKnownFileType = sourcecode.swift; path = FileDetailViewController.swift; sourceTree = "<group>"; };
		DA8B9CBA1F534A580040A2A7 /* de */ = {isa = PBXFileReference; lastKnownFileType = text.plist.strings; name = de; path = de.lproj/Main.strings; sourceTree = "<group>"; };
		DA96311A1E7B2DB30084A16A /* CloudKit.framework */ = {isa = PBXFileReference; lastKnownFileType = wrapper.framework; name = CloudKit.framework; path = System/Library/Frameworks/CloudKit.framework; sourceTree = SDKROOT; };
		DAAED6171EF6E1680035537F /* MapView.swift */ = {isa = PBXFileReference; fileEncoding = 4; lastKnownFileType = sourcecode.swift; path = MapView.swift; sourceTree = "<group>"; };
		DAB0680E1E47B0C500EFDD3E /* CycleMaps.app */ = {isa = PBXFileReference; explicitFileType = wrapper.application; includeInIndex = 0; path = CycleMaps.app; sourceTree = BUILT_PRODUCTS_DIR; };
		DAB068111E47B0C500EFDD3E /* AppDelegate.swift */ = {isa = PBXFileReference; lastKnownFileType = sourcecode.swift; path = AppDelegate.swift; sourceTree = "<group>"; };
		DAB068131E47B0C500EFDD3E /* MapViewController.swift */ = {isa = PBXFileReference; lastKnownFileType = sourcecode.swift; path = MapViewController.swift; sourceTree = "<group>"; };
		DAB068161E47B0C500EFDD3E /* Base */ = {isa = PBXFileReference; lastKnownFileType = file.storyboard; name = Base; path = Base.lproj/Main.storyboard; sourceTree = "<group>"; };
		DAB0681B1E47B0C500EFDD3E /* Base */ = {isa = PBXFileReference; lastKnownFileType = file.storyboard; name = Base; path = Base.lproj/LaunchScreen.storyboard; sourceTree = "<group>"; };
		DABD4C2E1EB7615F0060AD14 /* keys.plist */ = {isa = PBXFileReference; fileEncoding = 4; lastKnownFileType = text.plist.xml; path = keys.plist; sourceTree = "<group>"; };
		DAEA8BC81E5E3D34009CC260 /* SettingsViewController.swift */ = {isa = PBXFileReference; fileEncoding = 4; lastKnownFileType = sourcecode.swift; path = SettingsViewController.swift; sourceTree = "<group>"; };
		DAEB86671E794CF0009D8059 /* Assets.xcassets */ = {isa = PBXFileReference; lastKnownFileType = folder.assetcatalog; path = Assets.xcassets; sourceTree = "<group>"; };
		DAEDED641E75FF4D00FCE1A4 /* CycleMaps.entitlements */ = {isa = PBXFileReference; lastKnownFileType = text.plist.entitlements; path = CycleMaps.entitlements; sourceTree = "<group>"; };
		DAEDED651E77F9C500FCE1A4 /* TileSource.swift */ = {isa = PBXFileReference; fileEncoding = 4; lastKnownFileType = sourcecode.swift; path = TileSource.swift; sourceTree = "<group>"; };
		DAEDED671E782EF000FCE1A4 /* SettingDetailViewController.swift */ = {isa = PBXFileReference; fileEncoding = 4; lastKnownFileType = sourcecode.swift; path = SettingDetailViewController.swift; sourceTree = "<group>"; };
		EA1DC82D4127C32B176AF121 /* Pods-CycleMaps.release.xcconfig */ = {isa = PBXFileReference; includeInIndex = 1; lastKnownFileType = text.xcconfig; name = "Pods-CycleMaps.release.xcconfig"; path = "Pods/Target Support Files/Pods-CycleMaps/Pods-CycleMaps.release.xcconfig"; sourceTree = "<group>"; };
/* End PBXFileReference section */

/* Begin PBXFrameworksBuildPhase section */
		DAB0680B1E47B0C500EFDD3E /* Frameworks */ = {
			isa = PBXFrameworksBuildPhase;
			buildActionMask = 2147483647;
			files = (
				DA96311B1E7B2DB30084A16A /* CloudKit.framework in Frameworks */,
				DA3FC9831E59D905005C08C7 /* MapKit.framework in Frameworks */,
				DE6453F1157F5421DF19D259 /* Pods_CycleMaps.framework in Frameworks */,
			);
			runOnlyForDeploymentPostprocessing = 0;
		};
/* End PBXFrameworksBuildPhase section */

/* Begin PBXGroup section */
		8575FAE7C907A6DD24DB463B /* Pods */ = {
			isa = PBXGroup;
			children = (
				330DD7F36E98F97920C2F9DE /* Pods-CycleMaps.debug.xcconfig */,
				EA1DC82D4127C32B176AF121 /* Pods-CycleMaps.release.xcconfig */,
			);
			name = Pods;
			sourceTree = "<group>";
		};
		DA3FC9811E59D905005C08C7 /* Frameworks */ = {
			isa = PBXGroup;
			children = (
				DA96311A1E7B2DB30084A16A /* CloudKit.framework */,
				DA3FC9821E59D905005C08C7 /* MapKit.framework */,
				8892C739965E20D353E5C3B5 /* Pods_CycleMaps.framework */,
			);
			name = Frameworks;
			sourceTree = "<group>";
		};
		DAB068051E47B0C500EFDD3E = {
			isa = PBXGroup;
			children = (
				DAB068101E47B0C500EFDD3E /* CycleMaps */,
				DAB0680F1E47B0C500EFDD3E /* Products */,
				DA3FC9811E59D905005C08C7 /* Frameworks */,
				8575FAE7C907A6DD24DB463B /* Pods */,
			);
			sourceTree = "<group>";
		};
		DAB0680F1E47B0C500EFDD3E /* Products */ = {
			isa = PBXGroup;
			children = (
				DAB0680E1E47B0C500EFDD3E /* CycleMaps.app */,
			);
			name = Products;
			sourceTree = "<group>";
		};
		DAB068101E47B0C500EFDD3E /* CycleMaps */ = {
			isa = PBXGroup;
			children = (
				DA8B9CB71F53472E0040A2A7 /* FileDetailViewController.swift */,
				DA6FE48B1EB7DA76005B7F97 /* Info.plist */,
				DAEB86671E794CF0009D8059 /* Assets.xcassets */,
				DAEDED641E75FF4D00FCE1A4 /* CycleMaps.entitlements */,
				DAB068111E47B0C500EFDD3E /* AppDelegate.swift */,
				DAB068131E47B0C500EFDD3E /* MapViewController.swift */,
				DAAED6171EF6E1680035537F /* MapView.swift */,
				DA38D8051E6F5B06007817F2 /* FilesViewController.swift */,
				DA7DBEF01E7B26C600720B5E /* Constants.swift */,
				DA38D8071E6F5D8A007817F2 /* FileStore.swift */,
				DAEDED651E77F9C500FCE1A4 /* TileSource.swift */,
				DAB068151E47B0C500EFDD3E /* Main.storyboard */,
				DA5B656B1E85D13A00FACE96 /* AboutViewController.swift */,
				DA5B656D1E85D31800FACE96 /* about.html */,
				DAEDED671E782EF000FCE1A4 /* SettingDetailViewController.swift */,
				DAEA8BC81E5E3D34009CC260 /* SettingsViewController.swift */,
				DA0065F71E6C8D9200A54495 /* GPX.swift */,
				DA394DCB1E5CB1BF0058AE09 /* LocationSearchTable.swift */,
				DAB0681A1E47B0C500EFDD3E /* LaunchScreen.storyboard */,
				DA3FC9841E59FECD005C08C7 /* OverlayTile.swift */,
				DABD4C2E1EB7615F0060AD14 /* keys.plist */,
				DA6FE4891EB7DA2B005B7F97 /* Localizable.strings */,
			);
			path = CycleMaps;
			sourceTree = "<group>";
		};
/* End PBXGroup section */

/* Begin PBXNativeTarget section */
		DAB0680D1E47B0C500EFDD3E /* CycleMaps */ = {
			isa = PBXNativeTarget;
			buildConfigurationList = DAB068201E47B0C500EFDD3E /* Build configuration list for PBXNativeTarget "CycleMaps" */;
			buildPhases = (
				10993916A86BE2B81F708E0A /* [CP] Check Pods Manifest.lock */,
				DAB0680A1E47B0C500EFDD3E /* Sources */,
				DAB0680B1E47B0C500EFDD3E /* Frameworks */,
				DAB0680C1E47B0C500EFDD3E /* Resources */,
				DA7907721EE4216900B11D5D /* ShellScript */,
				EC81421CB978A39B1A1C911B /* [CP] Embed Pods Frameworks */,
			);
			buildRules = (
			);
			dependencies = (
			);
			name = CycleMaps;
			productName = CycleMaps;
			productReference = DAB0680E1E47B0C500EFDD3E /* CycleMaps.app */;
			productType = "com.apple.product-type.application";
		};
/* End PBXNativeTarget section */

/* Begin PBXProject section */
		DAB068061E47B0C500EFDD3E /* Project object */ = {
			isa = PBXProject;
			attributes = {
				LastSwiftUpdateCheck = 0820;
				LastUpgradeCheck = 0930;
				ORGANIZATIONNAME = "Paul Pfeiffer";
				TargetAttributes = {
					DAB0680D1E47B0C500EFDD3E = {
						CreatedOnToolsVersion = 8.2.1;
						LastSwiftMigration = 0900;
						ProvisioningStyle = Automatic;
						SystemCapabilities = {
							com.apple.Keychain = {
								enabled = 1;
							};
							com.apple.Maps.iOS = {
								enabled = 0;
							};
							com.apple.Push = {
								enabled = 1;
							};
							com.apple.iCloud = {
								enabled = 1;
							};
						};
					};
				};
			};
			buildConfigurationList = DAB068091E47B0C500EFDD3E /* Build configuration list for PBXProject "CycleMaps" */;
			compatibilityVersion = "Xcode 8.0";
			developmentRegion = English;
			hasScannedForEncodings = 0;
			knownRegions = (
				en,
				Base,
				de,
			);
			mainGroup = DAB068051E47B0C500EFDD3E;
			productRefGroup = DAB0680F1E47B0C500EFDD3E /* Products */;
			projectDirPath = "";
			projectRoot = "";
			targets = (
				DAB0680D1E47B0C500EFDD3E /* CycleMaps */,
			);
		};
/* End PBXProject section */

/* Begin PBXResourcesBuildPhase section */
		DAB0680C1E47B0C500EFDD3E /* Resources */ = {
			isa = PBXResourcesBuildPhase;
			buildActionMask = 2147483647;
			files = (
				DABD4C2F1EB7615F0060AD14 /* keys.plist in Resources */,
				DA6FE4871EB7DA2B005B7F97 /* Localizable.strings in Resources */,
				DA5B656E1E85D31800FACE96 /* about.html in Resources */,
				DAB0681C1E47B0C500EFDD3E /* LaunchScreen.storyboard in Resources */,
				DAEB86681E794CF0009D8059 /* Assets.xcassets in Resources */,
				DAB068171E47B0C500EFDD3E /* Main.storyboard in Resources */,
			);
			runOnlyForDeploymentPostprocessing = 0;
		};
/* End PBXResourcesBuildPhase section */

/* Begin PBXShellScriptBuildPhase section */
		10993916A86BE2B81F708E0A /* [CP] Check Pods Manifest.lock */ = {
			isa = PBXShellScriptBuildPhase;
			buildActionMask = 2147483647;
			files = (
			);
			inputPaths = (
				"${PODS_PODFILE_DIR_PATH}/Podfile.lock",
				"${PODS_ROOT}/Manifest.lock",
			);
			name = "[CP] Check Pods Manifest.lock";
			outputPaths = (
				"$(DERIVED_FILE_DIR)/Pods-CycleMaps-checkManifestLockResult.txt",
			);
			runOnlyForDeploymentPostprocessing = 0;
			shellPath = /bin/sh;
			shellScript = "diff \"${PODS_PODFILE_DIR_PATH}/Podfile.lock\" \"${PODS_ROOT}/Manifest.lock\" > /dev/null\nif [ $? != 0 ] ; then\n    # print error to STDERR\n    echo \"error: The sandbox is not in sync with the Podfile.lock. Run 'pod install' or update your CocoaPods installation.\" >&2\n    exit 1\nfi\n# This output is used by Xcode 'outputs' to avoid re-running this script phase.\necho \"SUCCESS\" > \"${SCRIPT_OUTPUT_FILE_0}\"\n";
			showEnvVarsInLog = 0;
		};
		DA7907721EE4216900B11D5D /* ShellScript */ = {
			isa = PBXShellScriptBuildPhase;
			buildActionMask = 2147483647;
			files = (
			);
			inputPaths = (
			);
			outputPaths = (
			);
			runOnlyForDeploymentPostprocessing = 0;
			shellPath = /bin/sh;
			shellScript = "if which swiftlint >/dev/null; then\nswiftlint\nelse\necho \"warning: SwiftLint not installed, download from https://github.com/realm/SwiftLint\"\nfi\n";
		};
		EC81421CB978A39B1A1C911B /* [CP] Embed Pods Frameworks */ = {
			isa = PBXShellScriptBuildPhase;
			buildActionMask = 2147483647;
			files = (
			);
			inputPaths = (
				"${SRCROOT}/Pods/Target Support Files/Pods-CycleMaps/Pods-CycleMaps-frameworks.sh",
				"${BUILT_PRODUCTS_DIR}/Cache/Cache.framework",
			);
			name = "[CP] Embed Pods Frameworks";
			outputPaths = (
				"${TARGET_BUILD_DIR}/${FRAMEWORKS_FOLDER_PATH}/Cache.framework",
			);
			runOnlyForDeploymentPostprocessing = 0;
			shellPath = /bin/sh;
			shellScript = "\"${SRCROOT}/Pods/Target Support Files/Pods-CycleMaps/Pods-CycleMaps-frameworks.sh\"\n";
			showEnvVarsInLog = 0;
		};
/* End PBXShellScriptBuildPhase section */

/* Begin PBXSourcesBuildPhase section */
		DAB0680A1E47B0C500EFDD3E /* Sources */ = {
			isa = PBXSourcesBuildPhase;
			buildActionMask = 2147483647;
			files = (
				DAEDED681E782EF100FCE1A4 /* SettingDetailViewController.swift in Sources */,
				DA8B9CB81F53472E0040A2A7 /* FileDetailViewController.swift in Sources */,
				DA7DBEF11E7B26C600720B5E /* Constants.swift in Sources */,
				DAB068141E47B0C500EFDD3E /* MapViewController.swift in Sources */,
				DA3FC9851E59FECD005C08C7 /* OverlayTile.swift in Sources */,
				DA38D8061E6F5B06007817F2 /* FilesViewController.swift in Sources */,
				DAB068121E47B0C500EFDD3E /* AppDelegate.swift in Sources */,
				DA5B656C1E85D13A00FACE96 /* AboutViewController.swift in Sources */,
				DAAED6181EF6E1680035537F /* MapView.swift in Sources */,
				DAEA8BC91E5E3D34009CC260 /* SettingsViewController.swift in Sources */,
				DAEDED661E77F9C500FCE1A4 /* TileSource.swift in Sources */,
				DA394DCC1E5CB1BF0058AE09 /* LocationSearchTable.swift in Sources */,
				DA0065F81E6C8D9200A54495 /* GPX.swift in Sources */,
				DA38D8081E6F5D8A007817F2 /* FileStore.swift in Sources */,
			);
			runOnlyForDeploymentPostprocessing = 0;
		};
/* End PBXSourcesBuildPhase section */

/* Begin PBXVariantGroup section */
		DA6FE4891EB7DA2B005B7F97 /* Localizable.strings */ = {
			isa = PBXVariantGroup;
			children = (
				DA6FE4881EB7DA2B005B7F97 /* en */,
				DA6FE48A1EB7DA31005B7F97 /* de */,
			);
			name = Localizable.strings;
			sourceTree = "<group>";
		};
		DAB068151E47B0C500EFDD3E /* Main.storyboard */ = {
			isa = PBXVariantGroup;
			children = (
				DAB068161E47B0C500EFDD3E /* Base */,
				DA8B9CBA1F534A580040A2A7 /* de */,
			);
			name = Main.storyboard;
			sourceTree = "<group>";
		};
		DAB0681A1E47B0C500EFDD3E /* LaunchScreen.storyboard */ = {
			isa = PBXVariantGroup;
			children = (
				DAB0681B1E47B0C500EFDD3E /* Base */,
			);
			name = LaunchScreen.storyboard;
			sourceTree = "<group>";
		};
/* End PBXVariantGroup section */

/* Begin XCBuildConfiguration section */
		DAB0681E1E47B0C500EFDD3E /* Debug */ = {
			isa = XCBuildConfiguration;
			buildSettings = {
				ALWAYS_SEARCH_USER_PATHS = NO;
				CLANG_ANALYZER_LOCALIZABILITY_NONLOCALIZED = YES;
				CLANG_ANALYZER_NONNULL = YES;
				CLANG_CXX_LANGUAGE_STANDARD = "gnu++0x";
				CLANG_CXX_LIBRARY = "libc++";
				CLANG_ENABLE_MODULES = YES;
				CLANG_ENABLE_OBJC_ARC = YES;
				CLANG_WARN_BLOCK_CAPTURE_AUTORELEASING = YES;
				CLANG_WARN_BOOL_CONVERSION = YES;
				CLANG_WARN_COMMA = YES;
				CLANG_WARN_CONSTANT_CONVERSION = YES;
				CLANG_WARN_DEPRECATED_OBJC_IMPLEMENTATIONS = YES;
				CLANG_WARN_DIRECT_OBJC_ISA_USAGE = YES_ERROR;
				CLANG_WARN_DOCUMENTATION_COMMENTS = YES;
				CLANG_WARN_EMPTY_BODY = YES;
				CLANG_WARN_ENUM_CONVERSION = YES;
				CLANG_WARN_INFINITE_RECURSION = YES;
				CLANG_WARN_INT_CONVERSION = YES;
				CLANG_WARN_NON_LITERAL_NULL_CONVERSION = YES;
				CLANG_WARN_OBJC_IMPLICIT_RETAIN_SELF = YES;
				CLANG_WARN_OBJC_LITERAL_CONVERSION = YES;
				CLANG_WARN_OBJC_ROOT_CLASS = YES_ERROR;
				CLANG_WARN_RANGE_LOOP_ANALYSIS = YES;
				CLANG_WARN_STRICT_PROTOTYPES = YES;
				CLANG_WARN_SUSPICIOUS_MOVE = YES;
				CLANG_WARN_UNREACHABLE_CODE = YES;
				CLANG_WARN__DUPLICATE_METHOD_MATCH = YES;
				"CODE_SIGN_IDENTITY[sdk=iphoneos*]" = "iPhone Developer";
				COPY_PHASE_STRIP = NO;
				DEBUG_INFORMATION_FORMAT = dwarf;
				ENABLE_STRICT_OBJC_MSGSEND = YES;
				ENABLE_TESTABILITY = YES;
				GCC_C_LANGUAGE_STANDARD = gnu99;
				GCC_DYNAMIC_NO_PIC = NO;
				GCC_NO_COMMON_BLOCKS = YES;
				GCC_OPTIMIZATION_LEVEL = 0;
				GCC_PREPROCESSOR_DEFINITIONS = (
					"DEBUG=1",
					"$(inherited)",
				);
				GCC_WARN_64_TO_32_BIT_CONVERSION = YES;
				GCC_WARN_ABOUT_RETURN_TYPE = YES_ERROR;
				GCC_WARN_UNDECLARED_SELECTOR = YES;
				GCC_WARN_UNINITIALIZED_AUTOS = YES_AGGRESSIVE;
				GCC_WARN_UNUSED_FUNCTION = YES;
				GCC_WARN_UNUSED_VARIABLE = YES;
				IPHONEOS_DEPLOYMENT_TARGET = 10.2;
				MTL_ENABLE_DEBUG_INFO = YES;
				ONLY_ACTIVE_ARCH = YES;
				SDKROOT = iphoneos;
				SWIFT_ACTIVE_COMPILATION_CONDITIONS = DEBUG;
				SWIFT_OPTIMIZATION_LEVEL = "-Onone";
				SWIFT_VERSION = 4.0;
				TARGETED_DEVICE_FAMILY = "1,2";
			};
			name = Debug;
		};
		DAB0681F1E47B0C500EFDD3E /* Release */ = {
			isa = XCBuildConfiguration;
			buildSettings = {
				ALWAYS_SEARCH_USER_PATHS = NO;
				CLANG_ANALYZER_LOCALIZABILITY_NONLOCALIZED = YES;
				CLANG_ANALYZER_NONNULL = YES;
				CLANG_CXX_LANGUAGE_STANDARD = "gnu++0x";
				CLANG_CXX_LIBRARY = "libc++";
				CLANG_ENABLE_MODULES = YES;
				CLANG_ENABLE_OBJC_ARC = YES;
				CLANG_WARN_BLOCK_CAPTURE_AUTORELEASING = YES;
				CLANG_WARN_BOOL_CONVERSION = YES;
				CLANG_WARN_COMMA = YES;
				CLANG_WARN_CONSTANT_CONVERSION = YES;
				CLANG_WARN_DEPRECATED_OBJC_IMPLEMENTATIONS = YES;
				CLANG_WARN_DIRECT_OBJC_ISA_USAGE = YES_ERROR;
				CLANG_WARN_DOCUMENTATION_COMMENTS = YES;
				CLANG_WARN_EMPTY_BODY = YES;
				CLANG_WARN_ENUM_CONVERSION = YES;
				CLANG_WARN_INFINITE_RECURSION = YES;
				CLANG_WARN_INT_CONVERSION = YES;
				CLANG_WARN_NON_LITERAL_NULL_CONVERSION = YES;
				CLANG_WARN_OBJC_IMPLICIT_RETAIN_SELF = YES;
				CLANG_WARN_OBJC_LITERAL_CONVERSION = YES;
				CLANG_WARN_OBJC_ROOT_CLASS = YES_ERROR;
				CLANG_WARN_RANGE_LOOP_ANALYSIS = YES;
				CLANG_WARN_STRICT_PROTOTYPES = YES;
				CLANG_WARN_SUSPICIOUS_MOVE = YES;
				CLANG_WARN_UNREACHABLE_CODE = YES;
				CLANG_WARN__DUPLICATE_METHOD_MATCH = YES;
				"CODE_SIGN_IDENTITY[sdk=iphoneos*]" = "iPhone Developer";
				COPY_PHASE_STRIP = NO;
				DEBUG_INFORMATION_FORMAT = "dwarf-with-dsym";
				ENABLE_NS_ASSERTIONS = NO;
				ENABLE_STRICT_OBJC_MSGSEND = YES;
				GCC_C_LANGUAGE_STANDARD = gnu99;
				GCC_NO_COMMON_BLOCKS = YES;
				GCC_WARN_64_TO_32_BIT_CONVERSION = YES;
				GCC_WARN_ABOUT_RETURN_TYPE = YES_ERROR;
				GCC_WARN_UNDECLARED_SELECTOR = YES;
				GCC_WARN_UNINITIALIZED_AUTOS = YES_AGGRESSIVE;
				GCC_WARN_UNUSED_FUNCTION = YES;
				GCC_WARN_UNUSED_VARIABLE = YES;
				IPHONEOS_DEPLOYMENT_TARGET = 10.2;
				MTL_ENABLE_DEBUG_INFO = NO;
				SDKROOT = iphoneos;
				SWIFT_OPTIMIZATION_LEVEL = "-Owholemodule";
				SWIFT_VERSION = 4.0;
				TARGETED_DEVICE_FAMILY = "1,2";
				VALIDATE_PRODUCT = YES;
			};
			name = Release;
		};
		DAB068211E47B0C500EFDD3E /* Debug */ = {
			isa = XCBuildConfiguration;
			baseConfigurationReference = 330DD7F36E98F97920C2F9DE /* Pods-CycleMaps.debug.xcconfig */;
			buildSettings = {
				ASSETCATALOG_COMPILER_APPICON_NAME = "AppIcon-2";
				CLANG_ENABLE_MODULES = YES;
				CODE_SIGN_ENTITLEMENTS = CycleMaps/CycleMaps.entitlements;
				"CODE_SIGN_IDENTITY[sdk=iphoneos*]" = "iPhone Developer";
				CODE_SIGN_STYLE = Automatic;
				DEVELOPMENT_TEAM = 8CV5377K4H;
				INFOPLIST_FILE = CycleMaps/Info.plist;
				IPHONEOS_DEPLOYMENT_TARGET = 12.0;
				LD_RUNPATH_SEARCH_PATHS = "$(inherited) @executable_path/Frameworks";
				PRODUCT_BUNDLE_IDENTIFIER = "Paul-Pfeiffer.CycleMaps";
				PRODUCT_NAME = "$(TARGET_NAME)";
				PROVISIONING_PROFILE_SPECIFIER = "";
				SWIFT_OBJC_BRIDGING_HEADER = "";
				SWIFT_OPTIMIZATION_LEVEL = "-Onone";
				SWIFT_SWIFT3_OBJC_INFERENCE = On;
				SWIFT_VERSION = 4.0;
			};
			name = Debug;
		};
		DAB068221E47B0C500EFDD3E /* Release */ = {
			isa = XCBuildConfiguration;
			baseConfigurationReference = EA1DC82D4127C32B176AF121 /* Pods-CycleMaps.release.xcconfig */;
			buildSettings = {
				ASSETCATALOG_COMPILER_APPICON_NAME = "AppIcon-2";
				CLANG_ENABLE_MODULES = YES;
				CODE_SIGN_ENTITLEMENTS = CycleMaps/CycleMaps.entitlements;
				"CODE_SIGN_IDENTITY[sdk=iphoneos*]" = "iPhone Developer";
				CODE_SIGN_STYLE = Automatic;
				DEVELOPMENT_TEAM = 8CV5377K4H;
				INFOPLIST_FILE = CycleMaps/Info.plist;
				IPHONEOS_DEPLOYMENT_TARGET = 12.0;
				LD_RUNPATH_SEARCH_PATHS = "$(inherited) @executable_path/Frameworks";
				PRODUCT_BUNDLE_IDENTIFIER = "Paul-Pfeiffer.CycleMaps";
				PRODUCT_NAME = "$(TARGET_NAME)";
				PROVISIONING_PROFILE_SPECIFIER = "";
				SWIFT_OBJC_BRIDGING_HEADER = "";
				SWIFT_SWIFT3_OBJC_INFERENCE = On;
				SWIFT_VERSION = 4.0;
			};
			name = Release;
		};
/* End XCBuildConfiguration section */

/* Begin XCConfigurationList section */
		DAB068091E47B0C500EFDD3E /* Build configuration list for PBXProject "CycleMaps" */ = {
			isa = XCConfigurationList;
			buildConfigurations = (
				DAB0681E1E47B0C500EFDD3E /* Debug */,
				DAB0681F1E47B0C500EFDD3E /* Release */,
			);
			defaultConfigurationIsVisible = 0;
			defaultConfigurationName = Release;
		};
		DAB068201E47B0C500EFDD3E /* Build configuration list for PBXNativeTarget "CycleMaps" */ = {
			isa = XCConfigurationList;
			buildConfigurations = (
				DAB068211E47B0C500EFDD3E /* Debug */,
				DAB068221E47B0C500EFDD3E /* Release */,
			);
			defaultConfigurationIsVisible = 0;
			defaultConfigurationName = Release;
		};
/* End XCConfigurationList section */
	};
	rootObject = DAB068061E47B0C500EFDD3E /* Project object */;
}
